
Microsoft Visual Studio Solution File, Format Version 12.00
# Visual Studio Version 17
VisualStudioVersion = 17.3.32825.248
MinimumVisualStudioVersion = 10.0.40219.1
Project("{FAE04EC0-301F-11D3-BF4B-00C04F79EFBC}") = "wpf_du_7", "wpf_du_7.csproj", "{0B7E317E-0FBA-45F1-84D4-FB7B339C72B6}"
EndProject
Global
	GlobalSection(SolutionConfigurationPlatforms) = preSolution
		Debug|Any CPU = Debug|Any CPU
		Release|Any CPU = Release|Any CPU
	EndGlobalSection
	GlobalSection(ProjectConfigurationPlatforms) = postSolution
		{0B7E317E-0FBA-45F1-84D4-FB7B339C72B6}.Debug|Any CPU.ActiveCfg = Debug|Any CPU
		{0B7E317E-0FBA-45F1-84D4-FB7B339C72B6}.Debug|Any CPU.Build.0 = Debug|Any CPU
		{0B7E317E-0FBA-45F1-84D4-FB7B339C72B6}.Release|Any CPU.ActiveCfg = Release|Any CPU
		{0B7E317E-0FBA-45F1-84D4-FB7B339C72B6}.Release|Any CPU.Build.0 = Release|Any CPU
	EndGlobalSection
	GlobalSection(SolutionProperties) = preSolution
		HideSolutionNode = FALSE
	EndGlobalSection
	GlobalSection(ExtensibilityGlobals) = postSolution
		SolutionGuid = {112ACC03-0492-497D-AA6F-09848CC3CB8E}
	EndGlobalSection
EndGlobal
